PODS:
  - FCVerticalMenu (0.1.3)
  - FSCalendar (2.7.9)
  - JVMenuPopover (1.4)

DEPENDENCIES:
  - FCVerticalMenu
  - FSCalendar
  - JVMenuPopover

SPEC CHECKSUMS:
  FCVerticalMenu: 1f9d11018d78fdb5eac858fb13b7fc60d09a03ee
  FSCalendar: a04b09f16f811bc92e82f3cf852a15225233b9d5
  JVMenuPopover: 4dd9294326565ac036e238525dc25be2abe1b729

PODFILE CHECKSUM: 8f3290160917d0f9fd1f4406b3053a912a0a69db

COCOAPODS: 1.3.1
